
Microsoft Visual Studio Solution File, Format Version 12.00
# Visual Studio Version 16
VisualStudioVersion = 16.0.30503.244
MinimumVisualStudioVersion = 10.0.40219.1
Project("{FAE04EC0-301F-11D3-BF4B-00C04F79EFBC}") = "WebCamForm", "WindowsFormsApp3\WebCamForm.csproj", "{99394CA2-2FD4-4B7C-865F-E4C596BA46B1}"
EndProject
Global
	GlobalSection(SolutionConfigurationPlatforms) = preSolution
		Debug|Any CPU = Debug|Any CPU
		Release|Any CPU = Release|Any CPU
	EndGlobalSection
	GlobalSection(ProjectConfigurationPlatforms) = postSolution
		{99394CA2-2FD4-4B7C-865F-E4C596BA46B1}.Debug|Any CPU.ActiveCfg = Debug|Any CPU
		{99394CA2-2FD4-4B7C-865F-E4C596BA46B1}.Debug|Any CPU.Build.0 = Debug|Any CPU
		{99394CA2-2FD4-4B7C-865F-E4C596BA46B1}.Release|Any CPU.ActiveCfg = Release|Any CPU
		{99394CA2-2FD4-4B7C-865F-E4C596BA46B1}.Release|Any CPU.Build.0 = Release|Any CPU
	EndGlobalSection
	GlobalSection(SolutionProperties) = preSolution
		HideSolutionNode = FALSE
	EndGlobalSection
	GlobalSection(ExtensibilityGlobals) = postSolution
		SolutionGuid = {FC5F86F9-6109-4CD7-BA8F-344459007991}
	EndGlobalSection
EndGlobal
